hash: 75d1093d3024c99d35576a2c56378338dc01d0fe252445b00cb0462510bf8eba
updated: 2017-11-11T12:21:25.881643255Z
imports:
- name: github.com/apache/thrift
  version: 4f77ab8e296d64c57e6ea1c6e3f0f152bc7d6a3a
  subpackages:
  - lib/go/thrift
- name: github.com/DataDog/dd-trace-go
  version: 9234800b7bb0ffae18ca64026c5adcefaeebeadc
  subpackages:
  - tracer
  - tracer/ext
- name: github.com/davecgh/go-spew
  version: adab96458c51a58dc1783b3335dcce5461522e75
  subpackages:
  - spew
- name: github.com/eapache/go-resiliency
  version: b1fe83b5b03f624450823b751b662259ffc6af70
  subpackages:
  - breaker
- name: github.com/eapache/go-xerial-snappy
  version: bb955e01b9346ac19dc29eb16586c90ded99a98c
- name: github.com/eapache/queue
  version: 44cc805cf13205b55f69e14bcb69867d1ae92f98
- name: github.com/eSailors/go-datadog
  version: 289f416d3143030b6d5cfd1bd469b11a0ac9d9e9
- name: github.com/flachnetz/go-admin
  version: 273ae75d90fb3505b8f3fb6b5b161f83ec30ed26
- name: github.com/go-logfmt/logfmt
  version: 390ab7935ee28ec6b286364bba9b4dd6410cb3d5
- name: github.com/gogo/protobuf
  version: 98066786c62ce5b2c49aba8527b914a014aaf49f
  subpackages:
  - proto
- name: github.com/goji/httpauth
  version: 2da839ab0f4df05a6db5eb277995589dadbd4fb9
- name: github.com/golang/snappy
  version: 553a641470496b2327abcac10b36396bd98e45c9
- name: github.com/gorilla/handlers
  version: 90663712d74cb411cbef281bc1e08c19d1a76145
- name: github.com/jessevdk/go-flags
  version: 96dc06278ce32a0e9d957d590bb987c81ee66407
- name: github.com/julienschmidt/httprouter
  version: 8c199fb6259ffc1af525cc3ad52ee60ba8359669
- name: github.com/kardianos/osext
  version: ae77be60afb1dcacde03767a8c37337fad28ac14
- name: github.com/klauspost/crc32
  version: bab58d77464aa9cf4e84200c3276da0831fe0c03
- name: github.com/kr/logfmt
  version: b84e30acd515aadc4b783ad4ff83aff3299bdfe0
- name: github.com/mattn/go-colorable
  version: 5411d3eea5978e6cdc258b30de592b60df6aba96
- name: github.com/mattn/go-isatty
  version: 57fdcb988a5c543893cc61bce354a6e24ab70022
- name: github.com/mgutz/ansi
  version: 9520e82c474b0a04dd04f8a40959027271bab992
- name: github.com/opentracing-contrib/go-observer
  version: a52f2342449246d5bcc273e65cbdcfa5f7d6c63c
- name: github.com/opentracing/opentracing-go
  version: 1949ddbfd147afd4d964a9f00b24eb291e0e7c38
  subpackages:
  - ext
  - log
- name: github.com/openzipkin/zipkin-go-opentracing
  version: 45e90b00710a4c34a1a7d8a78d90f9b010b0bd4d
  subpackages:
  - flag
  - thrift/gen-go/scribe
  - thrift/gen-go/zipkincore
  - types
  - wire
- name: github.com/pierrec/lz4
  version: 5a3d2245f97fc249850e7802e3c01fad02a1c316
- name: github.com/pierrec/xxHash
  version: a0006b13c722f7f12368c00a3d3c2ae8a999a0c6
  subpackages:
  - xxHash32
- name: github.com/pkg/errors
  version: 645ef00459ed84a119197bfb8d8205042c6df63d
- name: github.com/rcrowley/go-metrics
  version: ff4b9a81db61c463c0cac067489b4ca763b826ef
  repo: https://github.com/flachnetz/go-metrics.git
- name: github.com/Shopify/sarama
  version: 0fb560e5f7fbcaee2f75e3c34174320709f69944
- name: github.com/sirupsen/logrus
  version: f006c2ac4710855cf0f916dd6b77acf6b048dc6e
- name: github.com/ugorji/go
  version: 5efa3251c7f7d05e5d9704a69a984ec9f1386a40
  subpackages:
  - codec
- name: github.com/x-cray/logrus-prefixed-formatter
  version: bb2702d423886830dee131692131d35648c382e2
- name: golang.org/x/crypto
  version: c10c31b5e94b6f7a0283272dc2bb27163dcea24b
  subpackages:
  - ssh/terminal
- name: golang.org/x/net
  version: f5079bd7f6f74e23c4d65efa0f4ce14cbd6a3c0f
  subpackages:
  - context
- name: golang.org/x/sys
  version: d8f5ea21b9295e315e612b4bcf4bedea93454d4d
  subpackages:
  - unix
  - windows
- name: gopkg.in/tylerb/graceful.v1
  version: 4654dfbb6ad53cb5e27f37d99b02e16c1872fbbb
testImports:
- name: github.com/onsi/gomega
  version: c463cd2a8578290d4be7a25cba69de81cf35785e
  subpackages:
  - format
  - internal/assertion
  - internal/asyncassertion
  - internal/oraclematcher
  - internal/testingtsupport
  - matchers
  - matchers/support/goraph/bipartitegraph
  - matchers/support/goraph/edge
  - matchers/support/goraph/node
  - matchers/support/goraph/util
  - types
- name: gopkg.in/yaml.v2
  version: 25c4ec802a7d637f88d584ab26798e94ad14c13b
