hash: 74f9c1612c87e5425c9fc1f4b409578db5c573d0be5326c47e1427d347e24de8
updated: 2017-02-20T13:44:04.018579092Z
imports:
- name: github.com/apache/thrift
  version: 53dd39833a08ce33582e5ff31fa18bb4735d6731
  subpackages:
  - lib/go/thrift
- name: github.com/DataDog/dd-trace-go
  version: 18a1bd09e80d07d1ae4713f4cae5bbadb677a2f2
  subpackages:
  - tracer
- name: github.com/davecgh/go-spew
  version: 346938d642f2ec3594ed81d874461961cd0faa76
  subpackages:
  - spew
- name: github.com/eapache/go-resiliency
  version: b86b1ec0dd4209a588dc1285cdd471e73525c0b3
  subpackages:
  - breaker
- name: github.com/eapache/go-xerial-snappy
  version: bb955e01b9346ac19dc29eb16586c90ded99a98c
- name: github.com/eapache/queue
  version: 44cc805cf13205b55f69e14bcb69867d1ae92f98
- name: github.com/flachnetz/go-admin
  version: be321b3dd5ffb439434d1224b334b35a62fd5d28
- name: github.com/go-logfmt/logfmt
  version: 390ab7935ee28ec6b286364bba9b4dd6410cb3d5
- name: github.com/gogo/protobuf
  version: 84af2615df1ba1d35cc975ba94b64ee67d6c196e
  subpackages:
  - proto
- name: github.com/goji/httpauth
  version: 2da839ab0f4df05a6db5eb277995589dadbd4fb9
- name: github.com/golang/snappy
  version: d9eb7a3d35ec988b8585d4a0068e462c27d28380
- name: github.com/gorilla/handlers
  version: ee54c7b44cab12289237fb8631314790076e728b
- name: github.com/jessevdk/go-flags
  version: 8bc97d602c3bfeb5fc6fc9b5a9c898f245495637
- name: github.com/julienschmidt/httprouter
  version: 8c199fb6259ffc1af525cc3ad52ee60ba8359669
- name: github.com/kardianos/osext
  version: c2c54e542fb797ad986b31721e1baedf214ca413
- name: github.com/klauspost/crc32
  version: cb6bfca970f6908083f26f39a79009d608efd5cd
- name: github.com/kr/logfmt
  version: b84e30acd515aadc4b783ad4ff83aff3299bdfe0
- name: github.com/opentracing/opentracing-go
  version: 137bfcefd3340b28186f4fd3608719fcb120f98f
  subpackages:
  - ext
  - log
- name: github.com/openzipkin/zipkin-go-opentracing
  version: 594640b9ef7e5c994e8d9499359d693c032d738c
  subpackages:
  - _thrift/gen-go/scribe
  - _thrift/gen-go/zipkincore
  - flag
  - types
  - wire
- name: github.com/pierrec/lz4
  version: 5c9560bfa9ace2bf86080bf40d46b34ae44604df
- name: github.com/pierrec/xxHash
  version: 5a004441f897722c627870a981d02b29924215fa
  subpackages:
  - xxHash32
- name: github.com/rcrowley/go-metrics
  version: ab2277b1c5d15c3cba104e9cbddbdfc622df5ad8
- name: github.com/Shopify/sarama
  version: 0fb560e5f7fbcaee2f75e3c34174320709f69944
- name: github.com/Sirupsen/logrus
  version: c078b1e43f58d563c74cebe63c85789e76ddb627
- name: github.com/ugorji/go
  version: 9c7f9b7a2bc3a520f7c7b30b34b7f85f47fe27b6
  subpackages:
  - codec
- name: golang.org/x/net
  version: 84ba27dd5b2d8135e9da1395277f2c9333a2ffda
  subpackages:
  - context
- name: golang.org/x/sys
  version: 8f0908ab3b2457e2e15403d3697c9ef5cb4b57a9
  subpackages:
  - unix
testImports: []
