hash: 05ba65f289d3de28790ce692707942477e0b0e40ce84a1dab10e438c810d9cdd
updated: 2017-03-03T09:40:59.362161781Z
imports:
- name: github.com/apache/thrift
  version: 53dd39833a08ce33582e5ff31fa18bb4735d6731
  subpackages:
  - lib/go/thrift
- name: github.com/DataDog/dd-trace-go
  version: 18a1bd09e80d07d1ae4713f4cae5bbadb677a2f2
  subpackages:
  - tracer
- name: github.com/davecgh/go-spew
  version: 346938d642f2ec3594ed81d874461961cd0faa76
  subpackages:
  - spew
- name: github.com/eapache/go-resiliency
  version: b86b1ec0dd4209a588dc1285cdd471e73525c0b3
  subpackages:
  - breaker
- name: github.com/eapache/go-xerial-snappy
  version: bb955e01b9346ac19dc29eb16586c90ded99a98c
- name: github.com/eapache/queue
  version: 44cc805cf13205b55f69e14bcb69867d1ae92f98
- name: github.com/flachnetz/go-admin
  version: 8d781c5fd4118277fd23696221ed07aa7ec89eeb
- name: github.com/go-logfmt/logfmt
  version: 390ab7935ee28ec6b286364bba9b4dd6410cb3d5
- name: github.com/gogo/protobuf
  version: 3ea128ab69017b2bb9720f38a32e2dcfc22c0546
  subpackages:
  - proto
- name: github.com/goji/httpauth
  version: 2da839ab0f4df05a6db5eb277995589dadbd4fb9
- name: github.com/golang/snappy
  version: 553a641470496b2327abcac10b36396bd98e45c9
- name: github.com/gorilla/handlers
  version: ee54c7b44cab12289237fb8631314790076e728b
- name: github.com/jessevdk/go-flags
  version: 8bc97d602c3bfeb5fc6fc9b5a9c898f245495637
- name: github.com/julienschmidt/httprouter
  version: 8c199fb6259ffc1af525cc3ad52ee60ba8359669
- name: github.com/kardianos/osext
  version: 9b883c5eb462dd5cb1b0a7a104fe86bc6b9bd391
- name: github.com/klauspost/crc32
  version: 1bab8b35b6bb565f92cbc97939610af9369f942a
- name: github.com/kr/logfmt
  version: b84e30acd515aadc4b783ad4ff83aff3299bdfe0
- name: github.com/opentracing/opentracing-go
  version: 137bfcefd3340b28186f4fd3608719fcb120f98f
  subpackages:
  - ext
  - log
- name: github.com/openzipkin/zipkin-go-opentracing
  version: 594640b9ef7e5c994e8d9499359d693c032d738c
  subpackages:
  - _thrift/gen-go/scribe
  - _thrift/gen-go/zipkincore
  - flag
  - types
  - wire
- name: github.com/pierrec/lz4
  version: 5c9560bfa9ace2bf86080bf40d46b34ae44604df
- name: github.com/pierrec/xxHash
  version: 5a004441f897722c627870a981d02b29924215fa
  subpackages:
  - xxHash32
- name: github.com/rcrowley/go-metrics
  version: 1f30fe9094a513ce4c700b9a54458bbb0c96996c
- name: github.com/Shopify/sarama
  version: 0fb560e5f7fbcaee2f75e3c34174320709f69944
- name: github.com/Sirupsen/logrus
  version: 0208149b40d863d2c1a2f8fe5753096a9cf2cc8b
- name: github.com/ugorji/go
  version: c88ee250d0221a57af388746f5cf03768c21d6e2
  subpackages:
  - codec
- name: golang.org/x/net
  version: 6b27048ae5e6ad1ef927e72e437531493de612fe
  subpackages:
  - context
- name: golang.org/x/sys
  version: 075e574b89e4c2d22f2286a7e2b919519c6f3547
  subpackages:
  - unix
testImports:
- name: github.com/onsi/gomega
  version: c463cd2a8578290d4be7a25cba69de81cf35785e
  subpackages:
  - format
  - internal/assertion
  - internal/asyncassertion
  - internal/oraclematcher
  - internal/testingtsupport
  - matchers
  - matchers/support/goraph/bipartitegraph
  - matchers/support/goraph/edge
  - matchers/support/goraph/node
  - matchers/support/goraph/util
  - types
- name: gopkg.in/yaml.v2
  version: a3f3340b5840cee44f372bddb5880fcbc419b46a
