github.com/DataDog/dd-trace-go v0.6.1 h1:nsZ2lohbSw1CKtfNRu3wPh1jFirv6XSz8vqNpuIYWbM=
github.com/DataDog/dd-trace-go v0.6.1/go.mod h1:SmQTTcC37XMyEm75HV0AWiZIYxDiaNhRi49zorIpW+o=
github.com/Shopify/sarama v1.11.0 h1:JD701r42hP1ms1uytUMa34jZgoddt0XhiElhJt+2ERE=
github.com/Shopify/sarama v1.11.0/go.mod h1:FVkBWblsNy7DGZRfXLU0O9RCGt5g3g3yEuWXgklEdEo=
github.com/apache/thrift v0.0.0-20180517082609-88591e32e710 h1:yQgsAAMc53RejIFr92XuCVHnSZBHZGjOq2gLONOLWMQ=
github.com/apache/thrift v0.0.0-20180517082609-88591e32e710/go.mod h1:cp2SuWMxlEZw2r+iP2GNCdIi4C1qmUzdZFSVb+bacwQ=
github.com/davecgh/go-spew v0.0.0-20170711183451-adab96458c51 h1:6HtyV9eyjTS2qw6oy8AUPnKvo8P0CUzv6xyUmcMFhK8=
github.com/davecgh/go-spew v0.0.0-20170711183451-adab96458c51/go.mod h1:J7Y8YcW2NihsgmVo/mv3lAwl/skON4iLHjSsI+c5H38=
github.com/eSailors/go-datadog v0.0.0-20170317191432-289f416d3143 h1:aQqYu0wJi6fcJyvlzCs8rFn0UM/bRhJanrjF+xscfso=
github.com/eSailors/go-datadog v0.0.0-20170317191432-289f416d3143/go.mod h1:ebQtzOO1mBEttm41UNkI4BzxgqNGVWJWRNnOY/IoREM=
github.com/eapache/go-resiliency v0.0.0-20170607163615-b1fe83b5b03f h1:pwA/Ls6hORIp/jIzrOEtHQ6UN0bc/bnf01R+0N6dMmM=
github.com/eapache/go-resiliency v0.0.0-20170607163615-b1fe83b5b03f/go.mod h1:kFI+JgMyC7bLPUVY133qvEBtVayf5mFgVsvEsIPBvNs=
github.com/eapache/go-xerial-snappy v0.0.0-20160609142408-bb955e01b934 h1:oGLoaVIefp3tiOgi7+KInR/nNPvEpPM6GFo+El7fd14=
github.com/eapache/go-xerial-snappy v0.0.0-20160609142408-bb955e01b934/go.mod h1:+020luEh2TKB4/GOp8oxxtq0Daoen/Cii55CzbTV6DU=
github.com/eapache/queue v1.1.0 h1:YOEu7KNc61ntiQlcEeUIoDTJ2o8mQznoNvUhiigpIqc=
github.com/eapache/queue v1.1.0/go.mod h1:6eCeP0CKFpHLu8blIFXhExK/dRa7WDZfr6jVFPTqq+I=
github.com/flachnetz/go-admin v0.0.0-20171110102317-273ae75d90fb h1:oW623yqyW6lDQHAUlVvDpc39HHeyMVgeF2JwG8KCJwQ=
github.com/flachnetz/go-admin v0.0.0-20171110102317-273ae75d90fb/go.mod h1:NLn/OCLKN1xay9FvSZu36UWlaHSIB83mUu/RdI3eApY=
github.com/flachnetz/go-admin v1.5.3 h1:9X9yjkUaEl9N6UR/7D91IxfIMp1nWrhrSuCTCdP+ukw=
github.com/flachnetz/go-admin v1.5.3/go.mod h1:NLn/OCLKN1xay9FvSZu36UWlaHSIB83mUu/RdI3eApY=
github.com/go-logfmt/logfmt v0.3.0 h1:8HUsc87TaSWLKwrnumgC8/YconD2fJQsRJAsWaPg2ic=
github.com/go-logfmt/logfmt v0.3.0/go.mod h1:Qt1PoO58o5twSAckw1HlFXLmHsOX5/0LbT9GBnD5lWE=
github.com/gogo/protobuf v0.0.0-20170731182949-98066786c62c h1:oaxddPEjLNrszsh+txzQcAwzOstCTUJNSvjr1Nttj+I=
github.com/gogo/protobuf v0.0.0-20170731182949-98066786c62c/go.mod h1:r8qH/GZQm5c6nD/R0oafs1akxWv10x8SbQlK7atdtwQ=
github.com/goji/httpauth v0.0.0-20160601135302-2da839ab0f4d h1:lBXNCxVENCipq4D1Is42JVOP4eQjlB8TQ6H69Yx5J9Q=
github.com/goji/httpauth v0.0.0-20160601135302-2da839ab0f4d/go.mod h1:nnjvkQ9ptGaCkuDUx6wNykzzlUixGxvkme+H/lnzb+A=
github.com/golang/snappy v0.0.0-20170215233205-553a64147049 h1:K9KHZbXKpGydfDN0aZrsoHpLJlZsBrGMFWbgLDGnPZk=
github.com/golang/snappy v0.0.0-20170215233205-553a64147049/go.mod h1:/XxbfmMg8lxefKM7IXC3fBNl/7bRcc72aCRzEWrmP2Q=
github.com/gorilla/handlers v1.3.0 h1:tsg9qP3mjt1h4Roxp+M1paRjrVBfPSOpBuVclh6YluI=
github.com/gorilla/handlers v1.3.0/go.mod h1:Qkdc/uu4tH4g6mTK6auzZ766c4CA0Ng8+o/OAirnOIQ=
github.com/jessevdk/go-flags v1.4.0 h1:4IU2WS7AumrZ/40jfhf4QVDMsQwqA7VEHozFRrGARJA=
github.com/jessevdk/go-flags v1.4.0/go.mod h1:4FA24M0QyGHXBuZZK/XkWh8h0e1EYbRYJSGM75WSRxI=
github.com/julienschmidt/httprouter v0.0.0-20150421170007-8c199fb6259f h1:uUls/Yg9JMVDQiD1vHplcHRNqz5wv6qylEXYM7JtLUY=
github.com/julienschmidt/httprouter v0.0.0-20150421170007-8c199fb6259f/go.mod h1:SYymIcj16QtmaHHD7aYtjjsJG7VTCxuUUipMqKk8s4w=
github.com/kardianos/osext v0.0.0-20170510131534-ae77be60afb1 h1:PJPDf8OUfOK1bb/NeTKd4f1QXZItOX389VN3B6qC8ro=
github.com/kardianos/osext v0.0.0-20170510131534-ae77be60afb1/go.mod h1:1NbS8ALrpOvjt0rHPNLyCIeMtbizbir8U//inJ+zuB8=
github.com/klauspost/crc32 v0.0.0-20170628072449-bab58d77464a h1:NLr4Iy1X81t+cfi3RXELAOZhlkduugBKsO2RwWHRm8M=
github.com/klauspost/crc32 v0.0.0-20170628072449-bab58d77464a/go.mod h1:+ZoRqAPRLkC4NPOvfYeR5KNOrY6TD+/sAC3HXPZgDYg=
github.com/kr/logfmt v0.0.0-20140226030751-b84e30acd515/go.mod h1:+0opPa2QZZtGFBFZlji/RkVcI2GknAs/DXo4wKdlNEc=
github.com/mattn/go-colorable v0.0.0-20170210172801-5411d3eea597 h1:hGizH4aMDFFt1iOA4HNKC13lqIBoCyxIjWcAnWIy7aU=
github.com/mattn/go-colorable v0.0.0-20170210172801-5411d3eea597/go.mod h1:9vuHe8Xs5qXnSaW/c/ABM9alt+Vo+STaOChaDxuIBZU=
github.com/mattn/go-isatty v0.0.0-20170307163044-57fdcb988a5c/go.mod h1:M+lRXTBqGeGNdLjl/ufCoiOlB5xdOkqRJdNxMWT7Zi4=
github.com/mgutz/ansi v0.0.0-20170206155736-9520e82c474b h1:j7+1HpAFS1zy5+Q4qx1fWh90gTKwiN4QCGoY9TWyyO4=
github.com/mgutz/ansi v0.0.0-20170206155736-9520e82c474b/go.mod h1:01TrycV0kFyexm33Z7vhZRXopbI8J3TDReVlkTgMUxE=
github.com/onsi/gomega v0.0.0-20170214000320-c463cd2a8578 h1:NESEnITkJ0V5/063VVExj8mSAxEDVwOgRYzvEvdueoE=
github.com/onsi/gomega v0.0.0-20170214000320-c463cd2a8578/go.mod h1:C1qb7wdrVGGVU+Z6iS04AVkA3Q65CEZX59MT0QO5uiA=
github.com/opentracing-contrib/go-observer v0.0.0-20170622124052-a52f23424492 h1:lM6RxxfUMrYL/f8bWEUqdXrANWtrL7Nndbm9iFN0DlU=
github.com/opentracing-contrib/go-observer v0.0.0-20170622124052-a52f23424492/go.mod h1:Ngi6UdF0k5OKD5t5wlmGhe/EDKPoUM3BXZSSfIuJbis=
github.com/opentracing/opentracing-go v1.0.2 h1:3jA2P6O1F9UOrWVpwrIo17pu01KWvNWg4X946/Y5Zwg=
github.com/opentracing/opentracing-go v1.0.2/go.mod h1:UkNAQd3GIcIGf0SeVgPpRdFStlNbqXla1AfSYxPUl2o=
github.com/openzipkin/zipkin-go-opentracing v0.3.4 h1:x/pBv/5VJNWkcHF1G9xqhug8Iw7X1y1zOMzDmyuvP2g=
github.com/openzipkin/zipkin-go-opentracing v0.3.4/go.mod h1:js2AbwmHW0YD9DwIw2JhQWmbfFi/UnWyYwdVhqbCDOE=
github.com/pierrec/lz4 v0.0.0-20170519170625-5a3d2245f97f h1:iQP9y+u9EebJ5sr9f1/z1TYz8mdIZUF6BU/CJpbCqME=
github.com/pierrec/lz4 v0.0.0-20170519170625-5a3d2245f97f/go.mod h1:pdkljMzZIN41W+lC3N2tnIh5sFi+IEE17M5jbnwPHcY=
github.com/pierrec/xxHash v0.0.0-20170714082455-a0006b13c722 h1:nDDVHJzMIpkkKZpBBhV60OLwII/BvZSn4PijkMEKdTo=
github.com/pierrec/xxHash v0.0.0-20170714082455-a0006b13c722/go.mod h1:w2waW5Zoa/Wc4Yqe0wgrIYAGKqRMf7czn2HNKXmuL+I=
github.com/pkg/errors v0.8.0 h1:WdK/asTD0HN+q6hsWO3/vpuAkAr+tw6aNJNDFFf0+qw=
github.com/pkg/errors v0.8.0/go.mod h1:bwawxfHBFNV+L2hUp1rHADufV3IMtnDRdf1r5NINEl0=
github.com/rcrowley/go-metrics v0.0.0-20170512050240-ff4b9a81db61 h1:XhGrqkuqfTL9tykbERkgyHTzrz/cIzcDVPfV6Hocjw0=
github.com/rcrowley/go-metrics v0.0.0-20170512050240-ff4b9a81db61/go.mod h1:bCqnVzQkZxMG4s8nGwiZ5l3QUCyqpo9Y+/ZMZ9VjZe4=
github.com/sirupsen/logrus v1.0.5 h1:8c8b5uO0zS4X6RPl/sd1ENwSkIc0/H2PaHxE3udaE8I=
github.com/sirupsen/logrus v1.0.5/go.mod h1:pMByvHTf9Beacp5x1UXfOR9xyW/9antXMhjMPG0dEzc=
github.com/ugorji/go v0.0.0-20161130061742-9c7f9b7a2bc3 h1:KfqgRfYvGRyKOQUx8GphSC8D6vVoBndzco3rESP8I4k=
github.com/ugorji/go v0.0.0-20161130061742-9c7f9b7a2bc3/go.mod h1:hnLbHMwcvSihnDhEfx2/BzKp2xb0Y+ErdfYcrs9tkJQ=
github.com/x-cray/logrus-prefixed-formatter v0.5.2 h1:00txxvfBM9muc0jiLIEAkAcIMJzfthRT6usrui8uGmg=
github.com/x-cray/logrus-prefixed-formatter v0.5.2/go.mod h1:2duySbKsL6M18s5GU7VPsoEPHyzalCE06qoARUCeBBE=
golang.org/x/crypto v0.0.0-20150531185727-c10c31b5e94b h1:hCfUHJKlixWYz3iRvmO1J7WG8uWK3gZPGJGuJNxBPJo=
golang.org/x/crypto v0.0.0-20150531185727-c10c31b5e94b/go.mod h1:6SG95UA2DQfeDnfUPMdvaQW0Q7yPrPDi9nlGo2tz2b4=
golang.org/x/net v0.0.0-20170726083632-f5079bd7f6f7 h1:1Pw+ZX4dmGORIwGkTwnUr7RFuMhfpCYHXRZNF04XPYs=
golang.org/x/net v0.0.0-20170726083632-f5079bd7f6f7/go.mod h1:mL1N/T3taQHkDXs73rZJwtUhF3w3ftmwwsq0BUmARs4=
golang.org/x/sys v0.0.0-20170803140359-d8f5ea21b929 h1:M4VPQYSW/nB4Bcg1XMD4yW2sprnwerD3Kb6apRphtZw=
golang.org/x/sys v0.0.0-20170803140359-d8f5ea21b929/go.mod h1:STP8DvDyc/dI5b8T5hshtkjS+E42TnysNCUPdjciGhY=
gopkg.in/tylerb/graceful.v1 v1.2.15 h1:1JmOyhKqAyX3BgTXMI84LwT6FOJ4tP2N9e2kwTCM0nQ=
gopkg.in/tylerb/graceful.v1 v1.2.15/go.mod h1:yBhekWvR20ACXVObSSdD3u6S9DeSylanL2PAbAC/uJ8=
gopkg.in/yaml.v2 v2.0.0-20170721122051-25c4ec802a7d h1:2DX7x6HUDGZUyuEDAhUsQQNqkb1zvDyKTjVoTdzaEzo=
gopkg.in/yaml.v2 v2.0.0-20170721122051-25c4ec802a7d/go.mod h1:JAlM8MvJe8wmxCU4Bli9HhUf9+ttbYbLASfIpnQbh74=
